// !$*UTF8*$!
{
	archiveVersion = 1;
	classes = {
	};
	objectVersion = 46;
	objects = {

/* Begin PBXBuildFile section */
		97DC89F81D2C241C00E8AEB4 /* main.m in Sources */ = {isa = PBXBuildFile; fileRef = 97DC89F71D2C241C00E8AEB4 /* main.m */; };
		97DC89FB1D2C241C00E8AEB4 /* AppDelegate.m in Sources */ = {isa = PBXBuildFile; fileRef = 97DC89FA1D2C241C00E8AEB4 /* AppDelegate.m */; };
		97DC89FE1D2C241C00E8AEB4 /* ViewController.m in Sources */ = {isa = PBXBuildFile; fileRef = 97DC89FD1D2C241C00E8AEB4 /* ViewController.m */; };
		97DC8A011D2C241C00E8AEB4 /* Main.storyboard in Resources */ = {isa = PBXBuildFile; fileRef = 97DC89FF1D2C241C00E8AEB4 /* Main.storyboard */; };
		97DC8A031D2C241C00E8AEB4 /* Assets.xcassets in Resources */ = {isa = PBXBuildFile; fileRef = 97DC8A021D2C241C00E8AEB4 /* Assets.xcassets */; };
		97DC8A061D2C241C00E8AEB4 /* LaunchScreen.storyboard in Resources */ = {isa = PBXBuildFile; fileRef = 97DC8A041D2C241C00E8AEB4 /* LaunchScreen.storyboard */; };
		97DC8A0F1D2C247E00E8AEB4 /* Player.m in Sources */ = {isa = PBXBuildFile; fileRef = 97DC8A0E1D2C247E00E8AEB4 /* Player.m */; };
		97DC8A121D2C248D00E8AEB4 /* GameModel.m in Sources */ = {isa = PBXBuildFile; fileRef = 97DC8A111D2C248D00E8AEB4 /* GameModel.m */; };
/* End PBXBuildFile section */

/* Begin PBXFileReference section */
		97DC89F31D2C241C00E8AEB4 /* player_math.app */ = {isa = PBXFileReference; explicitFileType = wrapper.application; includeInIndex = 0; path = player_math.app; sourceTree = BUILT_PRODUCTS_DIR; };
		97DC89F71D2C241C00E8AEB4 /* main.m */ = {isa = PBXFileReference; lastKnownFileType = sourcecode.c.objc; path = main.m; sourceTree = "<group>"; };
		97DC89F91D2C241C00E8AEB4 /* AppDelegate.h */ = {isa = PBXFileReference; lastKnownFileType = sourcecode.c.h; path = AppDelegate.h; sourceTree = "<group>"; };
		97DC89FA1D2C241C00E8AEB4 /* AppDelegate.m */ = {isa = PBXFileReference; lastKnownFileType = sourcecode.c.objc; path = AppDelegate.m; sourceTree = "<group>"; };
		97DC89FC1D2C241C00E8AEB4 /* ViewController.h */ = {isa = PBXFileReference; lastKnownFileType = sourcecode.c.h; path = ViewController.h; sourceTree = "<group>"; };
		97DC89FD1D2C241C00E8AEB4 /* ViewController.m */ = {isa = PBXFileReference; lastKnownFileType = sourcecode.c.objc; path = ViewController.m; sourceTree = "<group>"; };
		97DC8A001D2C241C00E8AEB4 /* Base */ = {isa = PBXFileReference; lastKnownFileType = file.storyboard; name = Base; path = Base.lproj/Main.storyboard; sourceTree = "<group>"; };
		97DC8A021D2C241C00E8AEB4 /* Assets.xcassets */ = {isa = PBXFileReference; lastKnownFileType = folder.assetcatalog; path = Assets.xcassets; sourceTree = "<group>"; };
		97DC8A051D2C241C00E8AEB4 /* Base */ = {isa = PBXFileReference; lastKnownFileType = file.storyboard; name = Base; path = Base.lproj/LaunchScreen.storyboard; sourceTree = "<group>"; };
		97DC8A071D2C241C00E8AEB4 /* Info.plist */ = {isa = PBXFileReference; lastKnownFileType = text.plist.xml; path = Info.plist; sourceTree = "<group>"; };
		97DC8A0D1D2C247E00E8AEB4 /* Player.h */ = {isa = PBXFileReference; fileEncoding = 4; lastKnownFileType = sourcecode.c.h; name = Player.h; path = ../Player.h; sourceTree = "<group>"; };
		97DC8A0E1D2C247E00E8AEB4 /* Player.m */ = {isa = PBXFileReference; fileEncoding = 4; lastKnownFileType = sourcecode.c.objc; name = Player.m; path = ../Player.m; sourceTree = "<group>"; };
		97DC8A101D2C248D00E8AEB4 /* GameModel.h */ = {isa = PBXFileReference; fileEncoding = 4; lastKnownFileType = sourcecode.c.h; name = GameModel.h; path = ../GameModel.h; sourceTree = "<group>"; };
		97DC8A111D2C248D00E8AEB4 /* GameModel.m */ = {isa = PBXFileReference; fileEncoding = 4; lastKnownFileType = sourcecode.c.objc; name = GameModel.m; path = ../GameModel.m; sourceTree = "<group>"; };
/* End PBXFileReference section */

/* Begin PBXFrameworksBuildPhase section */
		97DC89F01D2C241C00E8AEB4 /* Frameworks */ = {
			isa = PBXFrameworksBuildPhase;
			buildActionMask = 2147483647;
			files = (
			);
			runOnlyForDeploymentPostprocessing = 0;
		};
/* End PBXFrameworksBuildPhase section */

/* Begin PBXGroup section */
		97DC89EA1D2C241C00E8AEB4 = {
			isa = PBXGroup;
			children = (
				97DC89F51D2C241C00E8AEB4 /* player_math */,
				97DC89F41D2C241C00E8AEB4 /* Products */,
			);
			sourceTree = "<group>";
		};
		97DC89F41D2C241C00E8AEB4 /* Products */ = {
			isa = PBXGroup;
			children = (
				97DC89F31D2C241C00E8AEB4 /* player_math.app */,
			);
			name = Products;
			sourceTree = "<group>";
		};
		97DC89F51D2C241C00E8AEB4 /* player_math */ = {
			isa = PBXGroup;
			children = (
				97DC89F91D2C241C00E8AEB4 /* AppDelegate.h */,
				97DC89FA1D2C241C00E8AEB4 /* AppDelegate.m */,
				97DC89FC1D2C241C00E8AEB4 /* ViewController.h */,
				97DC8A0D1D2C247E00E8AEB4 /* Player.h */,
				97DC8A0E1D2C247E00E8AEB4 /* Player.m */,
				97DC8A101D2C248D00E8AEB4 /* GameModel.h */,
				97DC8A111D2C248D00E8AEB4 /* GameModel.m */,
				97DC89FD1D2C241C00E8AEB4 /* ViewController.m */,
				97DC89FF1D2C241C00E8AEB4 /* Main.storyboard */,
				97DC8A021D2C241C00E8AEB4 /* Assets.xcassets */,
				97DC8A041D2C241C00E8AEB4 /* LaunchScreen.storyboard */,
				97DC8A071D2C241C00E8AEB4 /* Info.plist */,
				97DC89F61D2C241C00E8AEB4 /* Supporting Files */,
			);
			path = player_math;
			sourceTree = "<group>";
		};
		97DC89F61D2C241C00E8AEB4 /* Supporting Files */ = {
			isa = PBXGroup;
			children = (
				97DC89F71D2C241C00E8AEB4 /* main.m */,
			);
			name = "Supporting Files";
			sourceTree = "<group>";
		};
/* End PBXGroup section */

/* Begin PBXNativeTarget section */
		97DC89F21D2C241C00E8AEB4 /* player_math */ = {
			isa = PBXNativeTarget;
			buildConfigurationList = 97DC8A0A1D2C241C00E8AEB4 /* Build configuration list for PBXNativeTarget "player_math" */;
			buildPhases = (
				97DC89EF1D2C241C00E8AEB4 /* Sources */,
				97DC89F01D2C241C00E8AEB4 /* Frameworks */,
				97DC89F11D2C241C00E8AEB4 /* Resources */,
			);
			buildRules = (
			);
			dependencies = (
			);
			name = player_math;
			productName = player_math;
			productReference = 97DC89F31D2C241C00E8AEB4 /* player_math.app */;
			productType = "com.apple.product-type.application";
		};
/* End PBXNativeTarget section */

/* Begin PBXProject section */
		97DC89EB1D2C241C00E8AEB4 /* Project object */ = {
			isa = PBXProject;
			attributes = {
				LastUpgradeCheck = 0730;
				ORGANIZATIONNAME = "Yana Kultysheva";
				TargetAttributes = {
					97DC89F21D2C241C00E8AEB4 = {
						CreatedOnToolsVersion = 7.3.1;
					};
				};
			};
			buildConfigurationList = 97DC89EE1D2C241C00E8AEB4 /* Build configuration list for PBXProject "player_math" */;
			compatibilityVersion = "Xcode 3.2";
			developmentRegion = English;
			hasScannedForEncodings = 0;
			knownRegions = (
				en,
				Base,
			);
			mainGroup = 97DC89EA1D2C241C00E8AEB4;
			productRefGroup = 97DC89F41D2C241C00E8AEB4 /* Products */;
			projectDirPath = "";
			projectRoot = "";
			targets = (
				97DC89F21D2C241C00E8AEB4 /* player_math */,
			);
		};
/* End PBXProject section */

/* Begin PBXResourcesBuildPhase section */
		97DC89F11D2C241C00E8AEB4 /* Resources */ = {
			isa = PBXResourcesBuildPhase;
			buildActionMask = 2147483647;
			files = (
				97DC8A061D2C241C00E8AEB4 /* LaunchScreen.storyboard in Resources */,
				97DC8A031D2C241C00E8AEB4 /* Assets.xcassets in Resources */,
				97DC8A011D2C241C00E8AEB4 /* Main.storyboard in Resources */,
			);
			runOnlyForDeploymentPostprocessing = 0;
		};
/* End PBXResourcesBuildPhase section */

/* Begin PBXSourcesBuildPhase section */
		97DC89EF1D2C241C00E8AEB4 /* Sources */ = {
			isa = PBXSourcesBuildPhase;
			buildActionMask = 2147483647;
			files = (
				97DC8A0F1D2C247E00E8AEB4 /* Player.m in Sources */,
				97DC89FE1D2C241C00E8AEB4 /* ViewController.m in Sources */,
				97DC8A121D2C248D00E8AEB4 /* GameModel.m in Sources */,
				97DC89FB1D2C241C00E8AEB4 /* AppDelegate.m in Sources */,
				97DC89F81D2C241C00E8AEB4 /* main.m in Sources */,
			);
			runOnlyForDeploymentPostprocessing = 0;
		};
/* End PBXSourcesBuildPhase section */

/* Begin PBXVariantGroup section */
		97DC89FF1D2C241C00E8AEB4 /* Main.storyboard */ = {
			isa = PBXVariantGroup;
			children = (
				97DC8A001D2C241C00E8AEB4 /* Base */,
			);
			name = Main.storyboard;
			sourceTree = "<group>";
		};
		97DC8A041D2C241C00E8AEB4 /* LaunchScreen.storyboard */ = {
			isa = PBXVariantGroup;
			children = (
				97DC8A051D2C241C00E8AEB4 /* Base */,
			);
			name = LaunchScreen.storyboard;
			sourceTree = "<group>";
		};
/* End PBXVariantGroup section */

/* Begin XCBuildConfiguration section */
		97DC8A081D2C241C00E8AEB4 /* Debug */ = {
			isa = XCBuildConfiguration;
			buildSettings = {
				ALWAYS_SEARCH_USER_PATHS = NO;
				CLANG_ANALYZER_NONNULL = YES;
				CLANG_CXX_LANGUAGE_STANDARD = "gnu++0x";
				CLANG_CXX_LIBRARY = "libc++";
				CLANG_ENABLE_MODULES = YES;
				CLANG_ENABLE_OBJC_ARC = YES;
				CLANG_WARN_BOOL_CONVERSION = YES;
				CLANG_WARN_CONSTANT_CONVERSION = YES;
				CLANG_WARN_DIRECT_OBJC_ISA_USAGE = YES_ERROR;
				CLANG_WARN_EMPTY_BODY = YES;
				CLANG_WARN_ENUM_CONVERSION = YES;
				CLANG_WARN_INT_CONVERSION = YES;
				CLANG_WARN_OBJC_ROOT_CLASS = YES_ERROR;
				CLANG_WARN_UNREACHABLE_CODE = YES;
				CLANG_WARN__DUPLICATE_METHOD_MATCH = YES;
				"CODE_SIGN_IDENTITY[sdk=iphoneos*]" = "iPhone Developer";
				COPY_PHASE_STRIP = NO;
				DEBUG_INFORMATION_FORMAT = dwarf;
				ENABLE_STRICT_OBJC_MSGSEND = YES;
				ENABLE_TESTABILITY = YES;
				GCC_C_LANGUAGE_STANDARD = gnu99;
				GCC_DYNAMIC_NO_PIC = NO;
				GCC_NO_COMMON_BLOCKS = YES;
				GCC_OPTIMIZATION_LEVEL = 0;
				GCC_PREPROCESSOR_DEFINITIONS = (
					"DEBUG=1",
					"$(inherited)",
				);
				GCC_WARN_64_TO_32_BIT_CONVERSION = YES;
				GCC_WARN_ABOUT_RETURN_TYPE = YES_ERROR;
				GCC_WARN_UNDECLARED_SELECTOR = YES;
				GCC_WARN_UNINITIALIZED_AUTOS = YES_AGGRESSIVE;
				GCC_WARN_UNUSED_FUNCTION = YES;
				GCC_WARN_UNUSED_VARIABLE = YES;
				IPHONEOS_DEPLOYMENT_TARGET = 9.3;
				MTL_ENABLE_DEBUG_INFO = YES;
				ONLY_ACTIVE_ARCH = YES;
				SDKROOT = iphoneos;
			};
			name = Debug;
		};
		97DC8A091D2C241C00E8AEB4 /* Release */ = {
			isa = XCBuildConfiguration;
			buildSettings = {
				ALWAYS_SEARCH_USER_PATHS = NO;
				CLANG_ANALYZER_NONNULL = YES;
				CLANG_CXX_LANGUAGE_STANDARD = "gnu++0x";
				CLANG_CXX_LIBRARY = "libc++";
				CLANG_ENABLE_MODULES = YES;
				CLANG_ENABLE_OBJC_ARC = YES;
				CLANG_WARN_BOOL_CONVERSION = YES;
				CLANG_WARN_CONSTANT_CONVERSION = YES;
				CLANG_WARN_DIRECT_OBJC_ISA_USAGE = YES_ERROR;
				CLANG_WARN_EMPTY_BODY = YES;
				CLANG_WARN_ENUM_CONVERSION = YES;
				CLANG_WARN_INT_CONVERSION = YES;
				CLANG_WARN_OBJC_ROOT_CLASS = YES_ERROR;
				CLANG_WARN_UNREACHABLE_CODE = YES;
				CLANG_WARN__DUPLICATE_METHOD_MATCH = YES;
				"CODE_SIGN_IDENTITY[sdk=iphoneos*]" = "iPhone Developer";
				COPY_PHASE_STRIP = NO;
				DEBUG_INFORMATION_FORMAT = "dwarf-with-dsym";
				ENABLE_NS_ASSERTIONS = NO;
				ENABLE_STRICT_OBJC_MSGSEND = YES;
				GCC_C_LANGUAGE_STANDARD = gnu99;
				GCC_NO_COMMON_BLOCKS = YES;
				GCC_WARN_64_TO_32_BIT_CONVERSION = YES;
				GCC_WARN_ABOUT_RETURN_TYPE = YES_ERROR;
				GCC_WARN_UNDECLARED_SELECTOR = YES;
				GCC_WARN_UNINITIALIZED_AUTOS = YES_AGGRESSIVE;
				GCC_WARN_UNUSED_FUNCTION = YES;
				GCC_WARN_UNUSED_VARIABLE = YES;
				IPHONEOS_DEPLOYMENT_TARGET = 9.3;
				MTL_ENABLE_DEBUG_INFO = NO;
				SDKROOT = iphoneos;
				VALIDATE_PRODUCT = YES;
			};
			name = Release;
		};
		97DC8A0B1D2C241C00E8AEB4 /* Debug */ = {
			isa = XCBuildConfiguration;
			buildSettings = {
				ASSETCATALOG_COMPILER_APPICON_NAME = AppIcon;
				INFOPLIST_FILE = player_math/Info.plist;
				LD_RUNPATH_SEARCH_PATHS = "$(inherited) @executable_path/Frameworks";
				PRODUCT_BUNDLE_IDENTIFIER = "lighthouse.player-math";
				PRODUCT_NAME = "$(TARGET_NAME)";
			};
			name = Debug;
		};
		97DC8A0C1D2C241C00E8AEB4 /* Release */ = {
			isa = XCBuildConfiguration;
			buildSettings = {
				ASSETCATALOG_COMPILER_APPICON_NAME = AppIcon;
				INFOPLIST_FILE = player_math/Info.plist;
				LD_RUNPATH_SEARCH_PATHS = "$(inherited) @executable_path/Frameworks";
				PRODUCT_BUNDLE_IDENTIFIER = "lighthouse.player-math";
				PRODUCT_NAME = "$(TARGET_NAME)";
			};
			name = Release;
		};
/* End XCBuildConfiguration section */

/* Begin XCConfigurationList section */
		97DC89EE1D2C241C00E8AEB4 /* Build configuration list for PBXProject "player_math" */ = {
			isa = XCConfigurationList;
			buildConfigurations = (
				97DC8A081D2C241C00E8AEB4 /* Debug */,
				97DC8A091D2C241C00E8AEB4 /* Release */,
			);
			defaultConfigurationIsVisible = 0;
			defaultConfigurationName = Release;
		};
		97DC8A0A1D2C241C00E8AEB4 /* Build configuration list for PBXNativeTarget "player_math" */ = {
			isa = XCConfigurationList;
			buildConfigurations = (
				97DC8A0B1D2C241C00E8AEB4 /* Debug */,
				97DC8A0C1D2C241C00E8AEB4 /* Release */,
			);
			defaultConfigurationIsVisible = 0;
		};
/* End XCConfigurationList section */
	};
	rootObject = 97DC89EB1D2C241C00E8AEB4 /* Project object */;
}
